{
  "name": "steamtracking",
  "lockfileVersion": 3,
  "requires": true,
  "packages": {
    "": {
      "name": "steamtracking",
      "dependencies": {
        "@biomejs/biome": "^2.0.0",
        "astring": "^1.9.0",
        "espree": "^11.0.0",
        "estraverse": "^5.3.0"
      }
    },
    "node_modules/@biomejs/biome": {
      "version": "2.4.6",
      "resolved": "https://registry.npmjs.org/@biomejs/biome/-/biome-2.4.6.tgz",
      "integrity": "sha512-QnHe81PMslpy3mnpL8DnO2M4S4ZnYPkjlGCLWBZT/3R9M6b5daArWMMtEfP52/n174RKnwRIf3oT8+wc9ihSfQ==",
      "license": "MIT OR Apache-2.0",
      "bin": {
        "biome": "bin/biome"
      },
      "engines": {
        "node": ">=14.21.3"
      },
      "funding": {
        "type": "opencollective",
        "url": "https://opencollective.com/biome"
      },
      "optionalDependencies": {
        "@biomejs/cli-darwin-arm64": "2.4.6",
        "@biomejs/cli-darwin-x64": "2.4.6",
        "@biomejs/cli-linux-arm64": "2.4.6",
        "@biomejs/cli-linux-arm64-musl": "2.4.6",
        "@biomejs/cli-linux-x64": "2.4.6",
        "@biomejs/cli-linux-x64-musl": "2.4.6",
        "@biomejs/cli-win32-arm64": "2.4.6",
        "@biomejs/cli-win32-x64": "2.4.6"
      }
    },
    "node_modules/@biomejs/cli-darwin-arm64": {
      "version": "2.4.6",
      "resolved": "https://registry.npmjs.org/@biomejs/cli-darwin-arm64/-/cli-darwin-arm64-2.4.6.tgz",
      "integrity": "sha512-NW18GSyxr+8sJIqgoGwVp5Zqm4SALH4b4gftIA0n62PTuBs6G2tHlwNAOj0Vq0KKSs7Sf88VjjmHh0O36EnzrQ==",
      "cpu": [
        "arm64"
      ],
      "license": "MIT OR Apache-2.0",
      "optional": true,
      "os": [
        "darwin"
      ],
      "engines": {
        "node": ">=14.21.3"
      }
    },
    "node_modules/@biomejs/cli-darwin-x64": {
      "version": "2.4.6",
      "resolved": "https://registry.npmjs.org/@biomejs/cli-darwin-x64/-/cli-darwin-x64-2.4.6.tgz",
      "integrity": "sha512-4uiE/9tuI7cnjtY9b07RgS7gGyYOAfIAGeVJWEfeCnAarOAS7qVmuRyX6d7JTKw28/mt+rUzMasYeZ+0R/U1Mw==",
      "cpu": [
        "x64"
      ],
      "license": "MIT OR Apache-2.0",
      "optional": true,
      "os": [
        "darwin"
      ],
      "engines": {
        "node": ">=14.21.3"
      }
    },
    "node_modules/@biomejs/cli-linux-arm64": {
      "version": "2.4.6",
      "resolved": "https://registry.npmjs.org/@biomejs/cli-linux-arm64/-/cli-linux-arm64-2.4.6.tgz",
      "integrity": "sha512-kMLaI7OF5GN1Q8Doymjro1P8rVEoy7BKQALNz6fiR8IC1WKduoNyteBtJlHT7ASIL0Cx2jR6VUOBIbcB1B8pew==",
      "cpu": [
        "arm64"
      ],
      "license": "MIT OR Apache-2.0",
      "optional": true,
      "os": [
        "linux"
      ],
      "engines": {
        "node": ">=14.21.3"
      }
    },
    "node_modules/@biomejs/cli-linux-arm64-musl": {
      "version": "2.4.6",
      "resolved": "https://registry.npmjs.org/@biomejs/cli-linux-arm64-musl/-/cli-linux-arm64-musl-2.4.6.tgz",
      "integrity": "sha512-F/JdB7eN22txiTqHM5KhIVt0jVkzZwVYrdTR1O3Y4auBOQcXxHK4dxULf4z43QyZI5tsnQJrRBHZy7wwtL+B3A==",
      "cpu": [
        "arm64"
      ],
      "license": "MIT OR Apache-2.0",
      "optional": true,
      "os": [
        "linux"
      ],
      "engines": {
        "node": ">=14.21.3"
      }
    },
    "node_modules/@biomejs/cli-linux-x64": {
      "version": "2.4.6",
      "resolved": "https://registry.npmjs.org/@biomejs/cli-linux-x64/-/cli-linux-x64-2.4.6.tgz",
      "integrity": "sha512-oHXmUFEoH8Lql1xfc3QkFLiC1hGR7qedv5eKNlC185or+o4/4HiaU7vYODAH3peRCfsuLr1g6v2fK9dFFOYdyw==",
      "cpu": [
        "x64"
      ],
      "license": "MIT OR Apache-2.0",
      "optional": true,
      "os": [
        "linux"
      ],
      "engines": {
        "node": ">=14.21.3"
      }
    },
    "node_modules/@biomejs/cli-linux-x64-musl": {
      "version": "2.4.6",
      "resolved": "https://registry.npmjs.org/@biomejs/cli-linux-x64-musl/-/cli-linux-x64-musl-2.4.6.tgz",
      "integrity": "sha512-C9s98IPDu7DYarjlZNuzJKTjVHN03RUnmHV5htvqsx6vEUXCDSJ59DNwjKVD5XYoSS4N+BYhq3RTBAL8X6svEg==",
      "cpu": [
        "x64"
      ],
      "license": "MIT OR Apache-2.0",
      "optional": true,
      "os": [
        "linux"
      ],
      "engines": {
        "node": ">=14.21.3"
      }
    },
    "node_modules/@biomejs/cli-win32-arm64": {
      "version": "2.4.6",
      "resolved": "https://registry.npmjs.org/@biomejs/cli-win32-arm64/-/cli-win32-arm64-2.4.6.tgz",
      "integrity": "sha512-xzThn87Pf3YrOGTEODFGONmqXpTwUNxovQb72iaUOdcw8sBSY3+3WD8Hm9IhMYLnPi0n32s3L3NWU6+eSjfqFg==",
      "cpu": [
        "arm64"
      ],
      "license": "MIT OR Apache-2.0",
      "optional": true,
      "os": [
        "win32"
      ],
      "engines": {
        "node": ">=14.21.3"
      }
    },
    "node_modules/@biomejs/cli-win32-x64": {
      "version": "2.4.6",
      "resolved": "https://registry.npmjs.org/@biomejs/cli-win32-x64/-/cli-win32-x64-2.4.6.tgz",
      "integrity": "sha512-7++XhnsPlr1HDbor5amovPjOH6vsrFOCdp93iKXhFn6bcMUI6soodj3WWKfgEO6JosKU1W5n3uky3WW9RlRjTg==",
      "cpu": [
        "x64"
      ],
      "license": "MIT OR Apache-2.0",
      "optional": true,
      "os": [
        "win32"
      ],
      "engines": {
        "node": ">=14.21.3"
      }
    },
    "node_modules/acorn": {
      "version": "8.16.0",
      "resolved": "https://registry.npmjs.org/acorn/-/acorn-8.16.0.tgz",
      "integrity": "sha512-UVJyE9MttOsBQIDKw1skb9nAwQuR5wuGD3+82K6JgJlm/Y+KI92oNsMNGZCYdDsVtRHSak0pcV5Dno5+4jh9sw==",
      "license": "MIT",
      "bin": {
        "acorn": "bin/acorn"
      },
      "engines": {
        "node": ">=0.4.0"
      }
    },
    "node_modules/acorn-jsx": {
      "version": "5.3.2",
      "resolved": "https://registry.npmjs.org/acorn-jsx/-/acorn-jsx-5.3.2.tgz",
      "integrity": "sha512-rq9s+JNhf0IChjtDXxllJ7g41oZk5SlXtp0LHwyA5cejwn7vKmKp4pPri6YEePv2PU65sAsegbXtIinmDFDXgQ==",
      "license": "MIT",
      "peerDependencies": {
        "acorn": "^6.0.0 || ^7.0.0 || ^8.0.0"
      }
    },
    "node_modules/astring": {
      "version": "1.9.0",
      "resolved": "https://registry.npmjs.org/astring/-/astring-1.9.0.tgz",
      "integrity": "sha512-LElXdjswlqjWrPpJFg1Fx4wpkOCxj1TDHlSV4PlaRxHGWko024xICaa97ZkMfs6DRKlCguiAI+rbXv5GWwXIkg==",
      "license": "MIT",
      "bin": {
        "astring": "bin/astring"
      }
    },
    "node_modules/eslint-visitor-keys": {
      "version": "5.0.1",
      "resolved": "https://registry.npmjs.org/eslint-visitor-keys/-/eslint-visitor-keys-5.0.1.tgz",
      "integrity": "sha512-tD40eHxA35h0PEIZNeIjkHoDR4YjjJp34biM0mDvplBe//mB+IHCqHDGV7pxF+7MklTvighcCPPZC7ynWyjdTA==",
      "license": "Apache-2.0",
      "engines": {
        "node": "^20.19.0 || ^22.13.0 || >=24"
      },
      "funding": {
        "url": "https://opencollective.com/eslint"
      }
    },
    "node_modules/espree": {
      "version": "11.2.0",
      "resolved": "https://registry.npmjs.org/espree/-/espree-11.2.0.tgz",
      "integrity": "sha512-7p3DrVEIopW1B1avAGLuCSh1jubc01H2JHc8B4qqGblmg5gI9yumBgACjWo4JlIc04ufug4xJ3SQI8HkS/Rgzw==",
      "license": "BSD-2-Clause",
      "dependencies": {
        "acorn": "^8.16.0",
        "acorn-jsx": "^5.3.2",
        "eslint-visitor-keys": "^5.0.1"
      },
      "engines": {
        "node": "^20.19.0 || ^22.13.0 || >=24"
      },
      "funding": {
        "url": "https://opencollective.com/eslint"
      }
    },
    "node_modules/estraverse": {
      "version": "5.3.0",
      "resolved": "https://registry.npmjs.org/estraverse/-/estraverse-5.3.0.tgz",
      "integrity": "sha512-MMdARuVEQziNTeJD8DgMqmhwR11BRQ/cBP+pLtYdSTnf3MIO8fFeiINEbX36ZdNlfU/7A9f3gUw49B3oQsvwBA==",
      "license": "BSD-2-Clause",
      "engines": {
        "node": ">=4.0"
      }
    }
  }
}
